
Microsoft Visual Studio Solution File, Format Version 12.00
Project("{FAE04EC0-301F-11D3-BF4B-00C04F79EFBC}") = "Barometer", "Barometer\Barometer.csproj", "{DEED6717-16E2-44A2-8584-999778A7D582}"
EndProject
Global
	GlobalSection(SolutionConfigurationPlatforms) = preSolution
		Debug|Any CPU = Debug|Any CPU
		Release|Any CPU = Release|Any CPU
	EndGlobalSection
	GlobalSection(ProjectConfigurationPlatforms) = postSolution
		{DEED6717-16E2-44A2-8584-999778A7D582}.Debug|Any CPU.ActiveCfg = Debug|Any CPU
		{DEED6717-16E2-44A2-8584-999778A7D582}.Debug|Any CPU.Build.0 = Debug|Any CPU
		{DEED6717-16E2-44A2-8584-999778A7D582}.Release|Any CPU.ActiveCfg = Release|Any CPU
		{DEED6717-16E2-44A2-8584-999778A7D582}.Release|Any CPU.Build.0 = Release|Any CPU
	EndGlobalSection
EndGlobal
